// !$*UTF8*$!
{
	archiveVersion = 1;
	classes = {
	};
	objectVersion = 46;
	objects = {

/* Begin PBXBuildFile section */
		0726E49F1C590073008BD1E9 /* main.m in Sources */ = {isa = PBXBuildFile; fileRef = 0726E49E1C590073008BD1E9 /* main.m */; };
		0726E4A21C590073008BD1E9 /* AppDelegate.m in Sources */ = {isa = PBXBuildFile; fileRef = 0726E4A11C590073008BD1E9 /* AppDelegate.m */; };
		0726E4A51C590073008BD1E9 /* ApplicationListVC.m in Sources */ = {isa = PBXBuildFile; fileRef = 0726E4A41C590073008BD1E9 /* ApplicationListVC.m */; };
		0726E4A81C590073008BD1E9 /* Main.storyboard in Resources */ = {isa = PBXBuildFile; fileRef = 0726E4A61C590073008BD1E9 /* Main.storyboard */; };
		0726E4AA1C590073008BD1E9 /* Assets.xcassets in Resources */ = {isa = PBXBuildFile; fileRef = 0726E4A91C590073008BD1E9 /* Assets.xcassets */; };
		0726E4AD1C590073008BD1E9 /* LaunchScreen.storyboard in Resources */ = {isa = PBXBuildFile; fileRef = 0726E4AB1C590073008BD1E9 /* LaunchScreen.storyboard */; };
		0726E4B71C590138008BD1E9 /* BrowseAllInstalledApplication.m in Sources */ = {isa = PBXBuildFile; fileRef = 0726E4B61C590138008BD1E9 /* BrowseAllInstalledApplication.m */; };
		079271121C5B440F0084E6BD /* Application.m in Sources */ = {isa = PBXBuildFile; fileRef = 079271111C5B440F0084E6BD /* Application.m */; };
		07FD9F831C5B83F200FDFB5D /* ApplicationDetailsVC.m in Sources */ = {isa = PBXBuildFile; fileRef = 07FD9F821C5B83F200FDFB5D /* ApplicationDetailsVC.m */; };
		E0E0CC1B1C67C40500FB4457 /* RiskyAppsVC.m in Sources */ = {isa = PBXBuildFile; fileRef = E0E0CC1A1C67C40500FB4457 /* RiskyAppsVC.m */; settings = {ASSET_TAGS = (); }; };
/* End PBXBuildFile section */

/* Begin PBXFileReference section */
		0726E49A1C590073008BD1E9 /* iOSAppBrowser.app */ = {isa = PBXFileReference; explicitFileType = wrapper.application; includeInIndex = 0; path = iOSAppBrowser.app; sourceTree = BUILT_PRODUCTS_DIR; };
		0726E49E1C590073008BD1E9 /* main.m */ = {isa = PBXFileReference; lastKnownFileType = sourcecode.c.objc; path = main.m; sourceTree = "<group>"; };
		0726E4A01C590073008BD1E9 /* AppDelegate.h */ = {isa = PBXFileReference; lastKnownFileType = sourcecode.c.h; path = AppDelegate.h; sourceTree = "<group>"; };
		0726E4A11C590073008BD1E9 /* AppDelegate.m */ = {isa = PBXFileReference; lastKnownFileType = sourcecode.c.objc; path = AppDelegate.m; sourceTree = "<group>"; };
		0726E4A31C590073008BD1E9 /* ApplicationListVC.h */ = {isa = PBXFileReference; lastKnownFileType = sourcecode.c.h; path = ApplicationListVC.h; sourceTree = "<group>"; };
		0726E4A41C590073008BD1E9 /* ApplicationListVC.m */ = {isa = PBXFileReference; lastKnownFileType = sourcecode.c.objc; path = ApplicationListVC.m; sourceTree = "<group>"; };
		0726E4A71C590073008BD1E9 /* Base */ = {isa = PBXFileReference; lastKnownFileType = file.storyboard; name = Base; path = Base.lproj/Main.storyboard; sourceTree = "<group>"; };
		0726E4A91C590073008BD1E9 /* Assets.xcassets */ = {isa = PBXFileReference; lastKnownFileType = folder.assetcatalog; path = Assets.xcassets; sourceTree = "<group>"; };
		0726E4AC1C590073008BD1E9 /* Base */ = {isa = PBXFileReference; lastKnownFileType = file.storyboard; name = Base; path = Base.lproj/LaunchScreen.storyboard; sourceTree = "<group>"; };
		0726E4AE1C590073008BD1E9 /* Info.plist */ = {isa = PBXFileReference; lastKnownFileType = text.plist.xml; path = Info.plist; sourceTree = "<group>"; };
		0726E4B51C590138008BD1E9 /* BrowseAllInstalledApplication.h */ = {isa = PBXFileReference; fileEncoding = 4; lastKnownFileType = sourcecode.c.h; path = BrowseAllInstalledApplication.h; sourceTree = "<group>"; };
		0726E4B61C590138008BD1E9 /* BrowseAllInstalledApplication.m */ = {isa = PBXFileReference; fileEncoding = 4; lastKnownFileType = sourcecode.c.objc; path = BrowseAllInstalledApplication.m; sourceTree = "<group>"; };
		079271101C5B440F0084E6BD /* Application.h */ = {isa = PBXFileReference; fileEncoding = 4; lastKnownFileType = sourcecode.c.h; path = Application.h; sourceTree = "<group>"; };
		079271111C5B440F0084E6BD /* Application.m */ = {isa = PBXFileReference; fileEncoding = 4; lastKnownFileType = sourcecode.c.objc; path = Application.m; sourceTree = "<group>"; };
		07FD9F811C5B83F200FDFB5D /* ApplicationDetailsVC.h */ = {isa = PBXFileReference; fileEncoding = 4; lastKnownFileType = sourcecode.c.h; path = ApplicationDetailsVC.h; sourceTree = "<group>"; };
		07FD9F821C5B83F200FDFB5D /* ApplicationDetailsVC.m */ = {isa = PBXFileReference; fileEncoding = 4; lastKnownFileType = sourcecode.c.objc; path = ApplicationDetailsVC.m; sourceTree = "<group>"; };
		E0E0CC191C67C40500FB4457 /* RiskyAppsVC.h */ = {isa = PBXFileReference; fileEncoding = 4; lastKnownFileType = sourcecode.c.h; path = RiskyAppsVC.h; sourceTree = "<group>"; };
		E0E0CC1A1C67C40500FB4457 /* RiskyAppsVC.m */ = {isa = PBXFileReference; fileEncoding = 4; lastKnownFileType = sourcecode.c.objc; path = RiskyAppsVC.m; sourceTree = "<group>"; };
/* End PBXFileReference section */

/* Begin PBXFrameworksBuildPhase section */
		0726E4971C590073008BD1E9 /* Frameworks */ = {
			isa = PBXFrameworksBuildPhase;
			buildActionMask = 2147483647;
			files = (
			);
			runOnlyForDeploymentPostprocessing = 0;
		};
/* End PBXFrameworksBuildPhase section */

/* Begin PBXGroup section */
		0726E4911C590073008BD1E9 = {
			isa = PBXGroup;
			children = (
				0726E49C1C590073008BD1E9 /* iOSAppBrowser */,
				0726E49B1C590073008BD1E9 /* Products */,
			);
			sourceTree = "<group>";
		};
		0726E49B1C590073008BD1E9 /* Products */ = {
			isa = PBXGroup;
			children = (
				0726E49A1C590073008BD1E9 /* iOSAppBrowser.app */,
			);
			name = Products;
			sourceTree = "<group>";
		};
		0726E49C1C590073008BD1E9 /* iOSAppBrowser */ = {
			isa = PBXGroup;
			children = (
				0726E4B41C590124008BD1E9 /* AppList */,
				0726E4A01C590073008BD1E9 /* AppDelegate.h */,
				0726E4A11C590073008BD1E9 /* AppDelegate.m */,
				0726E4A31C590073008BD1E9 /* ApplicationListVC.h */,
				0726E4A41C590073008BD1E9 /* ApplicationListVC.m */,
				0726E4A61C590073008BD1E9 /* Main.storyboard */,
				0726E4A91C590073008BD1E9 /* Assets.xcassets */,
				0726E4AB1C590073008BD1E9 /* LaunchScreen.storyboard */,
				0726E4AE1C590073008BD1E9 /* Info.plist */,
				0726E49D1C590073008BD1E9 /* Supporting Files */,
			);
			path = iOSAppBrowser;
			sourceTree = "<group>";
		};
		0726E49D1C590073008BD1E9 /* Supporting Files */ = {
			isa = PBXGroup;
			children = (
				0726E49E1C590073008BD1E9 /* main.m */,
			);
			name = "Supporting Files";
			sourceTree = "<group>";
		};
		0726E4B41C590124008BD1E9 /* AppList */ = {
			isa = PBXGroup;
			children = (
				07F984831C6200D00030D7DC /* View */,
				07FD9F801C5B83D000FDFB5D /* Controller */,
				0792710F1C5B43F10084E6BD /* Model */,
				0726E4B51C590138008BD1E9 /* BrowseAllInstalledApplication.h */,
				0726E4B61C590138008BD1E9 /* BrowseAllInstalledApplication.m */,
			);
			path = AppList;
			sourceTree = "<group>";
		};
		0792710F1C5B43F10084E6BD /* Model */ = {
			isa = PBXGroup;
			children = (
				079271101C5B440F0084E6BD /* Application.h */,
				079271111C5B440F0084E6BD /* Application.m */,
			);
			path = Model;
			sourceTree = "<group>";
		};
		07F984831C6200D00030D7DC /* View */ = {
			isa = PBXGroup;
			children = (
			);
			path = View;
			sourceTree = "<group>";
		};
		07FD9F801C5B83D000FDFB5D /* Controller */ = {
			isa = PBXGroup;
			children = (
				07FD9F811C5B83F200FDFB5D /* ApplicationDetailsVC.h */,
				07FD9F821C5B83F200FDFB5D /* ApplicationDetailsVC.m */,
				E0E0CC191C67C40500FB4457 /* RiskyAppsVC.h */,
				E0E0CC1A1C67C40500FB4457 /* RiskyAppsVC.m */,
			);
			path = Controller;
			sourceTree = "<group>";
		};
/* End PBXGroup section */

/* Begin PBXNativeTarget section */
		0726E4991C590073008BD1E9 /* iOSAppBrowser */ = {
			isa = PBXNativeTarget;
			buildConfigurationList = 0726E4B11C590073008BD1E9 /* Build configuration list for PBXNativeTarget "iOSAppBrowser" */;
			buildPhases = (
				0726E4961C590073008BD1E9 /* Sources */,
				0726E4971C590073008BD1E9 /* Frameworks */,
				0726E4981C590073008BD1E9 /* Resources */,
			);
			buildRules = (
			);
			dependencies = (
			);
			name = iOSAppBrowser;
			productName = iOSAppBrowser;
			productReference = 0726E49A1C590073008BD1E9 /* iOSAppBrowser.app */;
			productType = "com.apple.product-type.application";
		};
/* End PBXNativeTarget section */

/* Begin PBXProject section */
		0726E4921C590073008BD1E9 /* Project object */ = {
			isa = PBXProject;
			attributes = {
				LastUpgradeCheck = 0700;
				ORGANIZATIONNAME = "Neeraj Damle";
				TargetAttributes = {
					0726E4991C590073008BD1E9 = {
						CreatedOnToolsVersion = 7.0;
					};
				};
			};
			buildConfigurationList = 0726E4951C590073008BD1E9 /* Build configuration list for PBXProject "iOSAppBrowser" */;
			compatibilityVersion = "Xcode 3.2";
			developmentRegion = English;
			hasScannedForEncodings = 0;
			knownRegions = (
				en,
				Base,
			);
			mainGroup = 0726E4911C590073008BD1E9;
			productRefGroup = 0726E49B1C590073008BD1E9 /* Products */;
			projectDirPath = "";
			projectRoot = "";
			targets = (
				0726E4991C590073008BD1E9 /* iOSAppBrowser */,
			);
		};
/* End PBXProject section */

/* Begin PBXResourcesBuildPhase section */
		0726E4981C590073008BD1E9 /* Resources */ = {
			isa = PBXResourcesBuildPhase;
			buildActionMask = 2147483647;
			files = (
				0726E4AD1C590073008BD1E9 /* LaunchScreen.storyboard in Resources */,
				0726E4AA1C590073008BD1E9 /* Assets.xcassets in Resources */,
				0726E4A81C590073008BD1E9 /* Main.storyboard in Resources */,
			);
			runOnlyForDeploymentPostprocessing = 0;
		};
/* End PBXResourcesBuildPhase section */

/* Begin PBXSourcesBuildPhase section */
		0726E4961C590073008BD1E9 /* Sources */ = {
			isa = PBXSourcesBuildPhase;
			buildActionMask = 2147483647;
			files = (
				07FD9F831C5B83F200FDFB5D /* ApplicationDetailsVC.m in Sources */,
				0726E4A51C590073008BD1E9 /* ApplicationListVC.m in Sources */,
				0726E4B71C590138008BD1E9 /* BrowseAllInstalledApplication.m in Sources */,
				E0E0CC1B1C67C40500FB4457 /* RiskyAppsVC.m in Sources */,
				0726E4A21C590073008BD1E9 /* AppDelegate.m in Sources */,
				079271121C5B440F0084E6BD /* Application.m in Sources */,
				0726E49F1C590073008BD1E9 /* main.m in Sources */,
			);
			runOnlyForDeploymentPostprocessing = 0;
		};
/* End PBXSourcesBuildPhase section */

/* Begin PBXVariantGroup section */
		0726E4A61C590073008BD1E9 /* Main.storyboard */ = {
			isa = PBXVariantGroup;
			children = (
				0726E4A71C590073008BD1E9 /* Base */,
			);
			name = Main.storyboard;
			sourceTree = "<group>";
		};
		0726E4AB1C590073008BD1E9 /* LaunchScreen.storyboard */ = {
			isa = PBXVariantGroup;
			children = (
				0726E4AC1C590073008BD1E9 /* Base */,
			);
			name = LaunchScreen.storyboard;
			sourceTree = "<group>";
		};
/* End PBXVariantGroup section */

/* Begin XCBuildConfiguration section */
		0726E4AF1C590073008BD1E9 /* Debug */ = {
			isa = XCBuildConfiguration;
			buildSettings = {
				ALWAYS_SEARCH_USER_PATHS = NO;
				CLANG_CXX_LANGUAGE_STANDARD = "gnu++0x";
				CLANG_CXX_LIBRARY = "libc++";
				CLANG_ENABLE_MODULES = YES;
				CLANG_ENABLE_OBJC_ARC = YES;
				CLANG_WARN_BOOL_CONVERSION = YES;
				CLANG_WARN_CONSTANT_CONVERSION = YES;
				CLANG_WARN_DIRECT_OBJC_ISA_USAGE = YES_ERROR;
				CLANG_WARN_EMPTY_BODY = YES;
				CLANG_WARN_ENUM_CONVERSION = YES;
				CLANG_WARN_INT_CONVERSION = YES;
				CLANG_WARN_OBJC_ROOT_CLASS = YES_ERROR;
				CLANG_WARN_UNREACHABLE_CODE = YES;
				CLANG_WARN__DUPLICATE_METHOD_MATCH = YES;
				"CODE_SIGN_IDENTITY[sdk=iphoneos*]" = "iPhone Developer";
				COPY_PHASE_STRIP = NO;
				DEBUG_INFORMATION_FORMAT = dwarf;
				ENABLE_STRICT_OBJC_MSGSEND = YES;
				ENABLE_TESTABILITY = YES;
				GCC_C_LANGUAGE_STANDARD = gnu99;
				GCC_DYNAMIC_NO_PIC = NO;
				GCC_NO_COMMON_BLOCKS = YES;
				GCC_OPTIMIZATION_LEVEL = 0;
				GCC_PREPROCESSOR_DEFINITIONS = (
					"DEBUG=1",
					"$(inherited)",
				);
				GCC_WARN_64_TO_32_BIT_CONVERSION = YES;
				GCC_WARN_ABOUT_RETURN_TYPE = YES_ERROR;
				GCC_WARN_UNDECLARED_SELECTOR = YES;
				GCC_WARN_UNINITIALIZED_AUTOS = YES_AGGRESSIVE;
				GCC_WARN_UNUSED_FUNCTION = YES;
				GCC_WARN_UNUSED_VARIABLE = YES;
				IPHONEOS_DEPLOYMENT_TARGET = 9.0;
				MTL_ENABLE_DEBUG_INFO = YES;
				ONLY_ACTIVE_ARCH = YES;
				SDKROOT = iphoneos;
			};
			name = Debug;
		};
		0726E4B01C590073008BD1E9 /* Release */ = {
			isa = XCBuildConfiguration;
			buildSettings = {
				ALWAYS_SEARCH_USER_PATHS = NO;
				CLANG_CXX_LANGUAGE_STANDARD = "gnu++0x";
				CLANG_CXX_LIBRARY = "libc++";
				CLANG_ENABLE_MODULES = YES;
				CLANG_ENABLE_OBJC_ARC = YES;
				CLANG_WARN_BOOL_CONVERSION = YES;
				CLANG_WARN_CONSTANT_CONVERSION = YES;
				CLANG_WARN_DIRECT_OBJC_ISA_USAGE = YES_ERROR;
				CLANG_WARN_EMPTY_BODY = YES;
				CLANG_WARN_ENUM_CONVERSION = YES;
				CLANG_WARN_INT_CONVERSION = YES;
				CLANG_WARN_OBJC_ROOT_CLASS = YES_ERROR;
				CLANG_WARN_UNREACHABLE_CODE = YES;
				CLANG_WARN__DUPLICATE_METHOD_MATCH = YES;
				"CODE_SIGN_IDENTITY[sdk=iphoneos*]" = "iPhone Developer";
				COPY_PHASE_STRIP = NO;
				DEBUG_INFORMATION_FORMAT = "dwarf-with-dsym";
				ENABLE_NS_ASSERTIONS = NO;
				ENABLE_STRICT_OBJC_MSGSEND = YES;
				GCC_C_LANGUAGE_STANDARD = gnu99;
				GCC_NO_COMMON_BLOCKS = YES;
				GCC_WARN_64_TO_32_BIT_CONVERSION = YES;
				GCC_WARN_ABOUT_RETURN_TYPE = YES_ERROR;
				GCC_WARN_UNDECLARED_SELECTOR = YES;
				GCC_WARN_UNINITIALIZED_AUTOS = YES_AGGRESSIVE;
				GCC_WARN_UNUSED_FUNCTION = YES;
				GCC_WARN_UNUSED_VARIABLE = YES;
				IPHONEOS_DEPLOYMENT_TARGET = 9.0;
				MTL_ENABLE_DEBUG_INFO = NO;
				SDKROOT = iphoneos;
				VALIDATE_PRODUCT = YES;
			};
			name = Release;
		};
		0726E4B21C590073008BD1E9 /* Debug */ = {
			isa = XCBuildConfiguration;
			buildSettings = {
				ASSETCATALOG_COMPILER_APPICON_NAME = AppIcon;
				INFOPLIST_FILE = iOSAppBrowser/Info.plist;
				IPHONEOS_DEPLOYMENT_TARGET = 7.0;
				LD_RUNPATH_SEARCH_PATHS = "$(inherited) @executable_path/Frameworks";
				PRODUCT_BUNDLE_IDENTIFIER = com.ndamle.iOSAppBrowser;
				PRODUCT_NAME = "$(TARGET_NAME)";
			};
			name = Debug;
		};
		0726E4B31C590073008BD1E9 /* Release */ = {
			isa = XCBuildConfiguration;
			buildSettings = {
				ASSETCATALOG_COMPILER_APPICON_NAME = AppIcon;
				INFOPLIST_FILE = iOSAppBrowser/Info.plist;
				IPHONEOS_DEPLOYMENT_TARGET = 7.0;
				LD_RUNPATH_SEARCH_PATHS = "$(inherited) @executable_path/Frameworks";
				PRODUCT_BUNDLE_IDENTIFIER = com.ndamle.iOSAppBrowser;
				PRODUCT_NAME = "$(TARGET_NAME)";
			};
			name = Release;
		};
/* End XCBuildConfiguration section */

/* Begin XCConfigurationList section */
		0726E4951C590073008BD1E9 /* Build configuration list for PBXProject "iOSAppBrowser" */ = {
			isa = XCConfigurationList;
			buildConfigurations = (
				0726E4AF1C590073008BD1E9 /* Debug */,
				0726E4B01C590073008BD1E9 /* Release */,
			);
			defaultConfigurationIsVisible = 0;
			defaultConfigurationName = Release;
		};
		0726E4B11C590073008BD1E9 /* Build configuration list for PBXNativeTarget "iOSAppBrowser" */ = {
			isa = XCConfigurationList;
			buildConfigurations = (
				0726E4B21C590073008BD1E9 /* Debug */,
				0726E4B31C590073008BD1E9 /* Release */,
			);
			defaultConfigurationIsVisible = 0;
			defaultConfigurationName = Release;
		};
/* End XCConfigurationList section */
	};
	rootObject = 0726E4921C590073008BD1E9 /* Project object */;
}
